
Microsoft Visual Studio Solution File, Format Version 12.00
# Visual Studio Version 17
VisualStudioVersion = 17.14.36401.2 d17.14
MinimumVisualStudioVersion = 10.0.40219.1
Project("{FAE04EC0-301F-11D3-BF4B-00C04F79EFBC}") = "SocketSample.Server", "SocketSample.Server\SocketSample.Server.csproj", "{670C2F88-D074-478E-A637-A71237A69E8C}"
EndProject
Project("{FAE04EC0-301F-11D3-BF4B-00C04F79EFBC}") = "SocketSample.Client", "SocketSample.Client\SocketSample.Client.csproj", "{B2BE6A54-D491-4DF5-9A6E-6521BD2F2E1B}"
EndProject
Global
	GlobalSection(SolutionConfigurationPlatforms) = preSolution
		Debug|Any CPU = Debug|Any CPU
		Release|Any CPU = Release|Any CPU
	EndGlobalSection
	GlobalSection(ProjectConfigurationPlatforms) = postSolution
		{670C2F88-D074-478E-A637-A71237A69E8C}.Debug|Any CPU.ActiveCfg = Debug|Any CPU
		{670C2F88-D074-478E-A637-A71237A69E8C}.Debug|Any CPU.Build.0 = Debug|Any CPU
		{670C2F88-D074-478E-A637-A71237A69E8C}.Release|Any CPU.ActiveCfg = Release|Any CPU
		{670C2F88-D074-478E-A637-A71237A69E8C}.Release|Any CPU.Build.0 = Release|Any CPU
		{B2BE6A54-D491-4DF5-9A6E-6521BD2F2E1B}.Debug|Any CPU.ActiveCfg = Debug|Any CPU
		{B2BE6A54-D491-4DF5-9A6E-6521BD2F2E1B}.Debug|Any CPU.Build.0 = Debug|Any CPU
		{B2BE6A54-D491-4DF5-9A6E-6521BD2F2E1B}.Release|Any CPU.ActiveCfg = Release|Any CPU
		{B2BE6A54-D491-4DF5-9A6E-6521BD2F2E1B}.Release|Any CPU.Build.0 = Release|Any CPU
	EndGlobalSection
	GlobalSection(SolutionProperties) = preSolution
		HideSolutionNode = FALSE
	EndGlobalSection
	GlobalSection(ExtensibilityGlobals) = postSolution
		SolutionGuid = {BB88E22A-E7DF-4266-9407-3E500A4FA68F}
	EndGlobalSection
EndGlobal
