Microsoft Visual Studio Solution File, Format Version 12.00
# Visual Studio Version 17
VisualStudioVersion = 17.5.2.0
MinimumVisualStudioVersion = 10.0.40219.1
Project("{FAE04EC0-301F-11D3-BF4B-00C04F79EFBC}") = "Autocobro", "Autocobro.csproj", "{A8947E07-6CE8-1A62-8AC0-4783AFCF0158}"
EndProject
Global
	GlobalSection(SolutionConfigurationPlatforms) = preSolution
		Debug|Any CPU = Debug|Any CPU
		Release|Any CPU = Release|Any CPU
	EndGlobalSection
	GlobalSection(ProjectConfigurationPlatforms) = postSolution
		{A8947E07-6CE8-1A62-8AC0-4783AFCF0158}.Debug|Any CPU.ActiveCfg = Debug|Any CPU
		{A8947E07-6CE8-1A62-8AC0-4783AFCF0158}.Debug|Any CPU.Build.0 = Debug|Any CPU
		{A8947E07-6CE8-1A62-8AC0-4783AFCF0158}.Release|Any CPU.ActiveCfg = Release|Any CPU
		{A8947E07-6CE8-1A62-8AC0-4783AFCF0158}.Release|Any CPU.Build.0 = Release|Any CPU
	EndGlobalSection
	GlobalSection(SolutionProperties) = preSolution
		HideSolutionNode = FALSE
	EndGlobalSection
	GlobalSection(ExtensibilityGlobals) = postSolution
		SolutionGuid = {2C34F54E-D041-4F45-95A7-503C81E38727}
	EndGlobalSection
EndGlobal
